
Microsoft Visual Studio Solution File, Format Version 12.00
# Visual Studio Version 17
VisualStudioVersion = 17.7.34221.43
MinimumVisualStudioVersion = 10.0.40219.1
Project("{FAE04EC0-301F-11D3-BF4B-00C04F79EFBC}") = "AuthenticationService", "AuthenticationService\AuthenticationService.csproj", "{683E3E50-1138-4AD9-A315-5934C68197EB}"
EndProject
Global
	GlobalSection(SolutionConfigurationPlatforms) = preSolution
		Debug|Any CPU = Debug|Any CPU
		Release|Any CPU = Release|Any CPU
	EndGlobalSection
	GlobalSection(ProjectConfigurationPlatforms) = postSolution
		{683E3E50-1138-4AD9-A315-5934C68197EB}.Debug|Any CPU.ActiveCfg = Debug|Any CPU
		{683E3E50-1138-4AD9-A315-5934C68197EB}.Debug|Any CPU.Build.0 = Debug|Any CPU
		{683E3E50-1138-4AD9-A315-5934C68197EB}.Release|Any CPU.ActiveCfg = Release|Any CPU
		{683E3E50-1138-4AD9-A315-5934C68197EB}.Release|Any CPU.Build.0 = Release|Any CPU
	EndGlobalSection
	GlobalSection(SolutionProperties) = preSolution
		HideSolutionNode = FALSE
	EndGlobalSection
	GlobalSection(ExtensibilityGlobals) = postSolution
		SolutionGuid = {AE1EBF6B-31F1-4097-8918-7D14DC417C3D}
	EndGlobalSection
EndGlobal
